
Microsoft Visual Studio Solution File, Format Version 12.00
# Visual Studio Version 16
VisualStudioVersion = 16.0.31729.503
MinimumVisualStudioVersion = 10.0.40219.1
Project("{8BC9CEB8-8B4A-11D0-8D11-00A0C91BC942}") = "WinDlg", "Day05.vcxproj", "{63CAEF43-BDB1-4AA0-BB69-5133FD7BCDCA}"
EndProject
Project("{8BC9CEB8-8B4A-11D0-8D11-00A0C91BC942}") = "CLib", "..\CLib\CLib.vcxproj", "{77F2DE2E-A691-4555-B540-BE23C7EAFFF0}"
EndProject
Project("{8BC9CEB8-8B4A-11D0-8D11-00A0C91BC942}") = "UseCLib", "..\UseCLib\UseCLib.vcxproj", "{BADE6E2F-CCED-40A0-A0EE-FBCD7F00C996}"
EndProject
Project("{8BC9CEB8-8B4A-11D0-8D11-00A0C91BC942}") = "CppLib", "..\CppLib\CppLib.vcxproj", "{7EC0BA62-C5EA-4D7A-B3F4-D743BC372C32}"
EndProject
Project("{8BC9CEB8-8B4A-11D0-8D11-00A0C91BC942}") = "UseCppLib", "..\UseCppLib\UseCppLib.vcxproj", "{A1A85A1D-8FF7-475E-B039-435FFB4B5546}"
EndProject
Project("{8BC9CEB8-8B4A-11D0-8D11-00A0C91BC942}") = "CppDll", "..\CppDll\CppDll.vcxproj", "{1EBCFB77-06CB-4DA6-94F1-E6AE235AC1A1}"
EndProject
Project("{8BC9CEB8-8B4A-11D0-8D11-00A0C91BC942}") = "UseCppDll", "..\UseCppDll\UseCppDll.vcxproj", "{54C69776-C12B-4650-A14F-200E9434521F}"
EndProject
Project("{8BC9CEB8-8B4A-11D0-8D11-00A0C91BC942}") = "UseCppDll2", "..\UseDll2\UseDll2.vcxproj", "{27D43784-5BD8-4453-BD1F-DBCCBA387999}"
EndProject
Project("{8BC9CEB8-8B4A-11D0-8D11-00A0C91BC942}") = "ClassDll", "..\ClassDll\ClassDll.vcxproj", "{30475F6D-166C-4005-A4F4-EECFE37CFF12}"
EndProject
Project("{8BC9CEB8-8B4A-11D0-8D11-00A0C91BC942}") = "UseClassDll", "..\UseClassDll\UseClassDll.vcxproj", "{33C35BCD-1728-4DD5-8704-0CD347F3BBB9}"
EndProject
Global
	GlobalSection(SolutionConfigurationPlatforms) = preSolution
		Debug|x64 = Debug|x64
		Debug|x86 = Debug|x86
		Release|x64 = Release|x64
		Release|x86 = Release|x86
	EndGlobalSection
	GlobalSection(ProjectConfigurationPlatforms) = postSolution
		{63CAEF43-BDB1-4AA0-BB69-5133FD7BCDCA}.Debug|x64.ActiveCfg = Debug|x64
		{63CAEF43-BDB1-4AA0-BB69-5133FD7BCDCA}.Debug|x64.Build.0 = Debug|x64
		{63CAEF43-BDB1-4AA0-BB69-5133FD7BCDCA}.Debug|x86.ActiveCfg = Debug|Win32
		{63CAEF43-BDB1-4AA0-BB69-5133FD7BCDCA}.Debug|x86.Build.0 = Debug|Win32
		{63CAEF43-BDB1-4AA0-BB69-5133FD7BCDCA}.Release|x64.ActiveCfg = Release|x64
		{63CAEF43-BDB1-4AA0-BB69-5133FD7BCDCA}.Release|x64.Build.0 = Release|x64
		{63CAEF43-BDB1-4AA0-BB69-5133FD7BCDCA}.Release|x86.ActiveCfg = Release|Win32
		{63CAEF43-BDB1-4AA0-BB69-5133FD7BCDCA}.Release|x86.Build.0 = Release|Win32
		{77F2DE2E-A691-4555-B540-BE23C7EAFFF0}.Debug|x64.ActiveCfg = Debug|x64
		{77F2DE2E-A691-4555-B540-BE23C7EAFFF0}.Debug|x64.Build.0 = Debug|x64
		{77F2DE2E-A691-4555-B540-BE23C7EAFFF0}.Debug|x86.ActiveCfg = Debug|Win32
		{77F2DE2E-A691-4555-B540-BE23C7EAFFF0}.Debug|x86.Build.0 = Debug|Win32
		{77F2DE2E-A691-4555-B540-BE23C7EAFFF0}.Release|x64.ActiveCfg = Release|x64
		{77F2DE2E-A691-4555-B540-BE23C7EAFFF0}.Release|x64.Build.0 = Release|x64
		{77F2DE2E-A691-4555-B540-BE23C7EAFFF0}.Release|x86.ActiveCfg = Release|Win32
		{77F2DE2E-A691-4555-B540-BE23C7EAFFF0}.Release|x86.Build.0 = Release|Win32
		{BADE6E2F-CCED-40A0-A0EE-FBCD7F00C996}.Debug|x64.ActiveCfg = Debug|x64
		{BADE6E2F-CCED-40A0-A0EE-FBCD7F00C996}.Debug|x64.Build.0 = Debug|x64
		{BADE6E2F-CCED-40A0-A0EE-FBCD7F00C996}.Debug|x86.ActiveCfg = Debug|Win32
		{BADE6E2F-CCED-40A0-A0EE-FBCD7F00C996}.Debug|x86.Build.0 = Debug|Win32
		{BADE6E2F-CCED-40A0-A0EE-FBCD7F00C996}.Release|x64.ActiveCfg = Release|x64
		{BADE6E2F-CCED-40A0-A0EE-FBCD7F00C996}.Release|x64.Build.0 = Release|x64
		{BADE6E2F-CCED-40A0-A0EE-FBCD7F00C996}.Release|x86.ActiveCfg = Release|Win32
		{BADE6E2F-CCED-40A0-A0EE-FBCD7F00C996}.Release|x86.Build.0 = Release|Win32
		{7EC0BA62-C5EA-4D7A-B3F4-D743BC372C32}.Debug|x64.ActiveCfg = Debug|x64
		{7EC0BA62-C5EA-4D7A-B3F4-D743BC372C32}.Debug|x64.Build.0 = Debug|x64
		{7EC0BA62-C5EA-4D7A-B3F4-D743BC372C32}.Debug|x86.ActiveCfg = Debug|Win32
		{7EC0BA62-C5EA-4D7A-B3F4-D743BC372C32}.Debug|x86.Build.0 = Debug|Win32
		{7EC0BA62-C5EA-4D7A-B3F4-D743BC372C32}.Release|x64.ActiveCfg = Release|x64
		{7EC0BA62-C5EA-4D7A-B3F4-D743BC372C32}.Release|x64.Build.0 = Release|x64
		{7EC0BA62-C5EA-4D7A-B3F4-D743BC372C32}.Release|x86.ActiveCfg = Release|Win32
		{7EC0BA62-C5EA-4D7A-B3F4-D743BC372C32}.Release|x86.Build.0 = Release|Win32
		{A1A85A1D-8FF7-475E-B039-435FFB4B5546}.Debug|x64.ActiveCfg = Debug|x64
		{A1A85A1D-8FF7-475E-B039-435FFB4B5546}.Debug|x64.Build.0 = Debug|x64
		{A1A85A1D-8FF7-475E-B039-435FFB4B5546}.Debug|x86.ActiveCfg = Debug|Win32
		{A1A85A1D-8FF7-475E-B039-435FFB4B5546}.Debug|x86.Build.0 = Debug|Win32
		{A1A85A1D-8FF7-475E-B039-435FFB4B5546}.Release|x64.ActiveCfg = Release|x64
		{A1A85A1D-8FF7-475E-B039-435FFB4B5546}.Release|x64.Build.0 = Release|x64
		{A1A85A1D-8FF7-475E-B039-435FFB4B5546}.Release|x86.ActiveCfg = Release|Win32
		{A1A85A1D-8FF7-475E-B039-435FFB4B5546}.Release|x86.Build.0 = Release|Win32
		{1EBCFB77-06CB-4DA6-94F1-E6AE235AC1A1}.Debug|x64.ActiveCfg = Debug|x64
		{1EBCFB77-06CB-4DA6-94F1-E6AE235AC1A1}.Debug|x64.Build.0 = Debug|x64
		{1EBCFB77-06CB-4DA6-94F1-E6AE235AC1A1}.Debug|x86.ActiveCfg = Debug|Win32
		{1EBCFB77-06CB-4DA6-94F1-E6AE235AC1A1}.Debug|x86.Build.0 = Debug|Win32
		{1EBCFB77-06CB-4DA6-94F1-E6AE235AC1A1}.Release|x64.ActiveCfg = Release|x64
		{1EBCFB77-06CB-4DA6-94F1-E6AE235AC1A1}.Release|x64.Build.0 = Release|x64
		{1EBCFB77-06CB-4DA6-94F1-E6AE235AC1A1}.Release|x86.ActiveCfg = Release|Win32
		{1EBCFB77-06CB-4DA6-94F1-E6AE235AC1A1}.Release|x86.Build.0 = Release|Win32
		{54C69776-C12B-4650-A14F-200E9434521F}.Debug|x64.ActiveCfg = Debug|x64
		{54C69776-C12B-4650-A14F-200E9434521F}.Debug|x64.Build.0 = Debug|x64
		{54C69776-C12B-4650-A14F-200E9434521F}.Debug|x86.ActiveCfg = Debug|Win32
		{54C69776-C12B-4650-A14F-200E9434521F}.Debug|x86.Build.0 = Debug|Win32
		{54C69776-C12B-4650-A14F-200E9434521F}.Release|x64.ActiveCfg = Release|x64
		{54C69776-C12B-4650-A14F-200E9434521F}.Release|x64.Build.0 = Release|x64
		{54C69776-C12B-4650-A14F-200E9434521F}.Release|x86.ActiveCfg = Release|Win32
		{54C69776-C12B-4650-A14F-200E9434521F}.Release|x86.Build.0 = Release|Win32
		{27D43784-5BD8-4453-BD1F-DBCCBA387999}.Debug|x64.ActiveCfg = Debug|x64
		{27D43784-5BD8-4453-BD1F-DBCCBA387999}.Debug|x64.Build.0 = Debug|x64
		{27D43784-5BD8-4453-BD1F-DBCCBA387999}.Debug|x86.ActiveCfg = Debug|Win32
		{27D43784-5BD8-4453-BD1F-DBCCBA387999}.Debug|x86.Build.0 = Debug|Win32
		{27D43784-5BD8-4453-BD1F-DBCCBA387999}.Release|x64.ActiveCfg = Release|x64
		{27D43784-5BD8-4453-BD1F-DBCCBA387999}.Release|x64.Build.0 = Release|x64
		{27D43784-5BD8-4453-BD1F-DBCCBA387999}.Release|x86.ActiveCfg = Release|Win32
		{27D43784-5BD8-4453-BD1F-DBCCBA387999}.Release|x86.Build.0 = Release|Win32
		{30475F6D-166C-4005-A4F4-EECFE37CFF12}.Debug|x64.ActiveCfg = Debug|x64
		{30475F6D-166C-4005-A4F4-EECFE37CFF12}.Debug|x64.Build.0 = Debug|x64
		{30475F6D-166C-4005-A4F4-EECFE37CFF12}.Debug|x86.ActiveCfg = Debug|Win32
		{30475F6D-166C-4005-A4F4-EECFE37CFF12}.Debug|x86.Build.0 = Debug|Win32
		{30475F6D-166C-4005-A4F4-EECFE37CFF12}.Release|x64.ActiveCfg = Release|x64
		{30475F6D-166C-4005-A4F4-EECFE37CFF12}.Release|x64.Build.0 = Release|x64
		{30475F6D-166C-4005-A4F4-EECFE37CFF12}.Release|x86.ActiveCfg = Release|Win32
		{30475F6D-166C-4005-A4F4-EECFE37CFF12}.Release|x86.Build.0 = Release|Win32
		{33C35BCD-1728-4DD5-8704-0CD347F3BBB9}.Debug|x64.ActiveCfg = Debug|x64
		{33C35BCD-1728-4DD5-8704-0CD347F3BBB9}.Debug|x64.Build.0 = Debug|x64
		{33C35BCD-1728-4DD5-8704-0CD347F3BBB9}.Debug|x86.ActiveCfg = Debug|Win32
		{33C35BCD-1728-4DD5-8704-0CD347F3BBB9}.Debug|x86.Build.0 = Debug|Win32
		{33C35BCD-1728-4DD5-8704-0CD347F3BBB9}.Release|x64.ActiveCfg = Release|x64
		{33C35BCD-1728-4DD5-8704-0CD347F3BBB9}.Release|x64.Build.0 = Release|x64
		{33C35BCD-1728-4DD5-8704-0CD347F3BBB9}.Release|x86.ActiveCfg = Release|Win32
		{33C35BCD-1728-4DD5-8704-0CD347F3BBB9}.Release|x86.Build.0 = Release|Win32
	EndGlobalSection
	GlobalSection(SolutionProperties) = preSolution
		HideSolutionNode = FALSE
	EndGlobalSection
	GlobalSection(ExtensibilityGlobals) = postSolution
		SolutionGuid = {94E5ED4C-66BF-4729-95E2-08BAE66F30F0}
	EndGlobalSection
EndGlobal
